{
  "nodes": {
    "nixpkgs": {
      "locked": {
        "lastModified": 1786920013,
        "narHash": "sha256-tlbRqzZ3suDUO3vyR0QFBk0TrxJiRP50t7VWfHhtVrw=",
        "owner": "NixOS",
        "repo": "nixpkgs",
        "rev": "33da5f36e599b50aa7dbbfacb718254423b18354",
        "type": "github"
      },
      "original": {
        "owner": "NixOS",
        "ref": "nixpkgs-26.05-darwin",
        "repo": "nixpkgs",
        "type": "github"
      }
    },
    "root": {
      "inputs": {
        "nixpkgs": "nixpkgs"
      }
    }
  },
  "root": "root",
  "version": 7
}
